
Microsoft Visual Studio Solution File, Format Version 12.00
# Visual Studio 15
VisualStudioVersion = 15.0.28307.102
MinimumVisualStudioVersion = 10.0.40219.1
Project("{FAE04EC0-301F-11D3-BF4B-00C04F79EFBC}") = "MvcMusicStore", "MvcMusicStore\MvcMusicStore.csproj", "{ED23B030-F1BA-458B-8601-FE298728EC70}"
EndProject
Global
	GlobalSection(SolutionConfigurationPlatforms) = preSolution
		Debug|Any CPU = Debug|Any CPU
		Release|Any CPU = Release|Any CPU
	EndGlobalSection
	GlobalSection(ProjectConfigurationPlatforms) = postSolution
		{ED23B030-F1BA-458B-8601-FE298728EC70}.Debug|Any CPU.ActiveCfg = Debug|Any CPU
		{ED23B030-F1BA-458B-8601-FE298728EC70}.Debug|Any CPU.Build.0 = Debug|Any CPU
		{ED23B030-F1BA-458B-8601-FE298728EC70}.Release|Any CPU.ActiveCfg = Release|Any CPU
		{ED23B030-F1BA-458B-8601-FE298728EC70}.Release|Any CPU.Build.0 = Release|Any CPU
	EndGlobalSection
	GlobalSection(SolutionProperties) = preSolution
		HideSolutionNode = FALSE
	EndGlobalSection
	GlobalSection(ExtensibilityGlobals) = postSolution
		SolutionGuid = {6970BC75-41EF-4D79-9FB9-65FA0E510AA7}
	EndGlobalSection
EndGlobal
