
Microsoft Visual Studio Solution File, Format Version 12.00
# Visual Studio 15
VisualStudioVersion = 15.0.28307.102
MinimumVisualStudioVersion = 10.0.40219.1
Project("{FAE04EC0-301F-11D3-BF4B-00C04F79EFBC}") = "EADMusicStore", "EADMusicStore\EADMusicStore.csproj", "{3100F824-B72F-4D1F-9B7D-1F68A99F6056}"
EndProject
Project("{FAE04EC0-301F-11D3-BF4B-00C04F79EFBC}") = "EADMusicStoreTests1", "EADMusicStoreTests1\EADMusicStoreTests1.csproj", "{B09C0226-F414-4401-94A2-6FDB185CF037}"
EndProject
Global
	GlobalSection(SolutionConfigurationPlatforms) = preSolution
		Debug|Any CPU = Debug|Any CPU
		Release|Any CPU = Release|Any CPU
	EndGlobalSection
	GlobalSection(ProjectConfigurationPlatforms) = postSolution
		{3100F824-B72F-4D1F-9B7D-1F68A99F6056}.Debug|Any CPU.ActiveCfg = Debug|Any CPU
		{3100F824-B72F-4D1F-9B7D-1F68A99F6056}.Debug|Any CPU.Build.0 = Debug|Any CPU
		{3100F824-B72F-4D1F-9B7D-1F68A99F6056}.Release|Any CPU.ActiveCfg = Release|Any CPU
		{3100F824-B72F-4D1F-9B7D-1F68A99F6056}.Release|Any CPU.Build.0 = Release|Any CPU
		{B09C0226-F414-4401-94A2-6FDB185CF037}.Debug|Any CPU.ActiveCfg = Debug|Any CPU
		{B09C0226-F414-4401-94A2-6FDB185CF037}.Debug|Any CPU.Build.0 = Debug|Any CPU
		{B09C0226-F414-4401-94A2-6FDB185CF037}.Release|Any CPU.ActiveCfg = Release|Any CPU
		{B09C0226-F414-4401-94A2-6FDB185CF037}.Release|Any CPU.Build.0 = Release|Any CPU
	EndGlobalSection
	GlobalSection(SolutionProperties) = preSolution
		HideSolutionNode = FALSE
	EndGlobalSection
	GlobalSection(ExtensibilityGlobals) = postSolution
		SolutionGuid = {0EBFBD5B-E274-441C-9405-8357E86F91EA}
	EndGlobalSection
EndGlobal
